
Microsoft Visual Studio Solution File, Format Version 12.00
# Visual Studio Version 17
VisualStudioVersion = 17.0.31903.59
MinimumVisualStudioVersion = 10.0.40219.1
Project("{FAE04EC0-301F-11D3-BF4B-00C04F79EFBC}") = "VS ESP01 GUI", "VS ESP01 GUI.csproj", "{52DAB847-01B3-4781-9479-CAF8C59F4781}"
EndProject
Global
	GlobalSection(SolutionConfigurationPlatforms) = preSolution
		Debug|Any CPU = Debug|Any CPU
		Release|Any CPU = Release|Any CPU
	EndGlobalSection
	GlobalSection(ProjectConfigurationPlatforms) = postSolution
		{52DAB847-01B3-4781-9479-CAF8C59F4781}.Debug|Any CPU.ActiveCfg = Debug|Any CPU
		{52DAB847-01B3-4781-9479-CAF8C59F4781}.Debug|Any CPU.Build.0 = Debug|Any CPU
		{52DAB847-01B3-4781-9479-CAF8C59F4781}.Release|Any CPU.ActiveCfg = Release|Any CPU
		{52DAB847-01B3-4781-9479-CAF8C59F4781}.Release|Any CPU.Build.0 = Release|Any CPU
	EndGlobalSection
	GlobalSection(SolutionProperties) = preSolution
		HideSolutionNode = FALSE
	EndGlobalSection
	GlobalSection(ExtensibilityGlobals) = postSolution
		SolutionGuid = {F7A4FE72-587A-4A1C-B655-4AD2BE0A707C}
	EndGlobalSection
EndGlobal
